# korben.lock — generated by korben. Do not edit by hand.
# It pins every dependency so a build reproduces exactly.

version = 1
root = "workspace"
manifest = "sha256:a9dab360924cfce7a2c781456feb4a657c7fb7b723cb4dc303043eaaa2cb0bdd"

[package.toolkit]
version = "1.0.0"
source = "member+toolkit"
checksum = "sha256:d28035029288c1e1f8a6c15bfa91f38f8e384e677491d45947cf2e3d7bf33481"
dependencies = []
