# This file is automatically @generated by Cargo.
# It is not intended for manual editing.
version = 4

[[package]]
name = "korben-cli"
version = "0.1.0"
dependencies = [
 "korben-core",
 "korben-syntax",
]

[[package]]
name = "korben-core"
version = "0.1.0"
dependencies = [
 "korben-syntax",
]

[[package]]
name = "korben-syntax"
version = "0.1.0"
