# This file is automatically @generated by Cargo.
# It is not intended for manual editing.
version = 4

[[package]]
name = "korben-adapter"
version = "0.8.0"

[[package]]
name = "korben-cli"
version = "0.8.0"
dependencies = [
 "korben-adapter",
 "korben-core",
 "korben-lsp",
 "korben-runtime",
 "korben-syntax",
]

[[package]]
name = "korben-core"
version = "0.8.0"
dependencies = [
 "korben-runtime",
 "korben-syntax",
]

[[package]]
name = "korben-export"
version = "0.8.0"
dependencies = [
 "korben-export-macro",
]

[[package]]
name = "korben-export-macro"
version = "0.8.0"
dependencies = [
 "korben-adapter",
]

[[package]]
name = "korben-lsp"
version = "0.8.0"
dependencies = [
 "korben-core",
 "korben-runtime",
 "korben-syntax",
]

[[package]]
name = "korben-runtime"
version = "0.8.0"

[[package]]
name = "korben-syntax"
version = "0.8.0"
