# This file is automatically @generated by Cargo.
# It is not intended for manual editing.
version = 4

[[package]]
name = "korben-adapter"
version = "0.8.0"

[[package]]
name = "korben-export"
version = "0.8.0"
dependencies = [
 "korben-export-macro",
]

[[package]]
name = "korben-export-macro"
version = "0.8.0"
dependencies = [
 "korben-adapter",
]

[[package]]
name = "slug"
version = "0.1.0"
dependencies = [
 "korben-export",
]
