# korben.lock — generated by korben. Do not edit by hand.
# It pins every dependency so a build reproduces exactly.

version = 1
root = "app"
manifest = "sha256:d2f0feec4961fcdcba0c97c4bed25947a2faeca7b44a96f1f82206007b9f489b"

[package.greeting]
version = "1.2.0"
source = "path+../greeting"
checksum = "sha256:86d72aa9dded350686ed79a9db1ba3b060dadf23ff638c6497109c58d58e208e"
dependencies = []
